{
  "name": "day2",
  "version": "1.0.0",
  "lockfileVersion": 1,
  "requires": true,
  "dependencies": {
    "silly-datetime": {
      "version": "0.1.2",
      "resolved": "https://registry.npm.taobao.org/silly-datetime/download/silly-datetime-0.1.2.tgz",
      "integrity": "sha1-IZeOjo2EgWFgY6wRL/FGk/BuuFs="
    },
    "time-formater": {
      "version": "1.1.2",
      "resolved": "https://registry.npm.taobao.org/time-formater/download/time-formater-1.1.2.tgz",
      "integrity": "sha1-CJlaRAfF28qT6i6WdpIhhu0pjxc="
    },
    "yao-dateutils": {
      "version": "1.0.8",
      "resolved": "https://registry.npm.taobao.org/yao-dateutils/download/yao-dateutils-1.0.8.tgz",
      "integrity": "sha1-8+v8KgFG9Dl/rrsZ2+u+d4gQKtk="
    }
  }
}
